
Microsoft Visual Studio Solution File, Format Version 12.00
# Visual Studio Version 17
VisualStudioVersion = 17.7.34302.85
MinimumVisualStudioVersion = 10.0.40219.1
Project("{2150E333-8FDC-42A3-9474-1A3956D46DE8}") = "Docs", "Docs", "{96C62F5D-0C2F-417D-9422-96BDA48DD196}"
	ProjectSection(SolutionItems) = preProject
		Database.sql = Database.sql
		README.md = README.md
	EndProjectSection
EndProject
Project("{54A90642-561A-4BB1-A94E-469ADEE60C69}") = "scansondemandnessus.client", "ScansOnDemandNessus\scansondemandnessus.client\scansondemandnessus.client.esproj", "{1649BEE9-67C9-5905-7A8F-2F9F0B148C65}"
EndProject
Project("{FAE04EC0-301F-11D3-BF4B-00C04F79EFBC}") = "ScansOnDemandNessus.Server", "ScansOnDemandNessus\ScansOnDemandNessus.Server\ScansOnDemandNessus.Server.csproj", "{4EB943D2-5183-4F84-9237-7B7A1BF6C695}"
EndProject
Global
	GlobalSection(SolutionConfigurationPlatforms) = preSolution
		Debug|Any CPU = Debug|Any CPU
		Release|Any CPU = Release|Any CPU
	EndGlobalSection
	GlobalSection(ProjectConfigurationPlatforms) = postSolution
		{1649BEE9-67C9-5905-7A8F-2F9F0B148C65}.Debug|Any CPU.ActiveCfg = Debug|Any CPU
		{1649BEE9-67C9-5905-7A8F-2F9F0B148C65}.Debug|Any CPU.Build.0 = Debug|Any CPU
		{1649BEE9-67C9-5905-7A8F-2F9F0B148C65}.Debug|Any CPU.Deploy.0 = Debug|Any CPU
		{1649BEE9-67C9-5905-7A8F-2F9F0B148C65}.Release|Any CPU.ActiveCfg = Release|Any CPU
		{1649BEE9-67C9-5905-7A8F-2F9F0B148C65}.Release|Any CPU.Build.0 = Release|Any CPU
		{1649BEE9-67C9-5905-7A8F-2F9F0B148C65}.Release|Any CPU.Deploy.0 = Release|Any CPU
		{4EB943D2-5183-4F84-9237-7B7A1BF6C695}.Debug|Any CPU.ActiveCfg = Debug|Any CPU
		{4EB943D2-5183-4F84-9237-7B7A1BF6C695}.Debug|Any CPU.Build.0 = Debug|Any CPU
		{4EB943D2-5183-4F84-9237-7B7A1BF6C695}.Release|Any CPU.ActiveCfg = Release|Any CPU
		{4EB943D2-5183-4F84-9237-7B7A1BF6C695}.Release|Any CPU.Build.0 = Release|Any CPU
	EndGlobalSection
	GlobalSection(SolutionProperties) = preSolution
		HideSolutionNode = FALSE
	EndGlobalSection
	GlobalSection(ExtensibilityGlobals) = postSolution
		SolutionGuid = {D752C2C6-4AB0-4EF9-8BB4-4B9D30B0F589}
	EndGlobalSection
EndGlobal
